Microsoft Visual Studio Solution File, Format Version 12.00
# Visual Studio Version 17
VisualStudioVersion = 17.6.33801.468
MinimumVisualStudioVersion = 10.0.40219.1
Project("{9A19103F-16F7-4668-BE54-9A1E7A4F7556}") = "ComplexProject.RestApi", "src\03.presentation\ComplexApi\ComplexProject.RestApi.csproj", "{313AEE11-421E-4384-A6DB-F425BFC33408}"
EndProject
Project("{9A19103F-16F7-4668-BE54-9A1E7A4F7556}") = "ComplexProject.Migrations", "src\02.infrastructure\Migrations\ComplexProject.Migrations.csproj", "{E21AF17F-BC80-4540-ADED-4416AB49EFFE}"
EndProject
Project("{9A19103F-16F7-4668-BE54-9A1E7A4F7556}") = "ComplexProject.Persistence.Ef", "src\02.infrastructure\Ef.Persistence.Complex\ComplexProject.Persistence.Ef.csproj", "{1547D81C-BDC1-441B-9E62-F7E0DAD094C7}"
EndProject
Project("{9A19103F-16F7-4668-BE54-9A1E7A4F7556}") = "ComplexProject.Entities", "src\01.core\Entity\ComplexProject.Entities.csproj", "{88701A57-B427-4F7F-A159-FF7E45F34C2E}"
EndProject
Project("{9A19103F-16F7-4668-BE54-9A1E7A4F7556}") = "ComplexProject.Services", "src\01.core\Services\ComplexProject.Services.csproj", "{65D5AAA8-061E-46B0-ACBA-553C35611417}"
EndProject
Project("{2150E333-8FDC-42A3-9474-1A3956D46DE8}") = "src", "src", "{E7A2AB48-1783-4460-BAA1-27CA78A6416B}"
EndProject
Project("{2150E333-8FDC-42A3-9474-1A3956D46DE8}") = "00.package", "00.package", "{BFB39D92-6A6D-461F-AF77-35C21CF9B5D3}"
EndProject
Project("{2150E333-8FDC-42A3-9474-1A3956D46DE8}") = "01.core", "01.core", "{5C185211-1C32-4F85-863F-A3027AAB8EAE}"
EndProject
Project("{2150E333-8FDC-42A3-9474-1A3956D46DE8}") = "02.infrastructure", "02.infrastructure", "{4B813925-4CB0-4A1F-AB3A-A67DEDBBE087}"
EndProject
Project("{2150E333-8FDC-42A3-9474-1A3956D46DE8}") = "03.presentation", "03.presentation", "{345D8669-2EB9-45FE-8F3F-99A29E9EFDD8}"
EndProject
Project("{9A19103F-16F7-4668-BE54-9A1E7A4F7556}") = "Taav.Contracts", "src\00.package\Taav.Contracts\Taav.Contracts.csproj", "{747CBA1C-5050-4D75-A1D5-294415272507}"
EndProject
Project("{2150E333-8FDC-42A3-9474-1A3956D46DE8}") = "test", "test", "{A0F990A2-FFBF-4666-9C9D-424A88A1A351}"
EndProject
Project("{9A19103F-16F7-4668-BE54-9A1E7A4F7556}") = "BluePrint.TestTools", "test\BluePrint.TestTools\BluePrint.TestTools.csproj", "{4AA5EBF2-0FB2-4330-A1DD-C8A3678F0B67}"
EndProject
Project("{FAE04EC0-301F-11D3-BF4B-00C04F79EFBC}") = "ComplexProject.Units.Tests", "test\ComplexProject.Units.Tests\ComplexProject.Units.Tests.csproj", "{5ECD0AC0-769C-43A9-8CB3-B668C9F80BFB}"
EndProject
Global
	GlobalSection(SolutionConfigurationPlatforms) = preSolution
		Debug|Any CPU = Debug|Any CPU
		Release|Any CPU = Release|Any CPU
	EndGlobalSection
	GlobalSection(ProjectConfigurationPlatforms) = postSolution
		{313AEE11-421E-4384-A6DB-F425BFC33408}.Debug|Any CPU.ActiveCfg = Debug|Any CPU
		{313AEE11-421E-4384-A6DB-F425BFC33408}.Debug|Any CPU.Build.0 = Debug|Any CPU
		{313AEE11-421E-4384-A6DB-F425BFC33408}.Release|Any CPU.ActiveCfg = Release|Any CPU
		{313AEE11-421E-4384-A6DB-F425BFC33408}.Release|Any CPU.Build.0 = Release|Any CPU
		{E21AF17F-BC80-4540-ADED-4416AB49EFFE}.Debug|Any CPU.ActiveCfg = Debug|Any CPU
		{E21AF17F-BC80-4540-ADED-4416AB49EFFE}.Debug|Any CPU.Build.0 = Debug|Any CPU
		{E21AF17F-BC80-4540-ADED-4416AB49EFFE}.Release|Any CPU.ActiveCfg = Release|Any CPU
		{E21AF17F-BC80-4540-ADED-4416AB49EFFE}.Release|Any CPU.Build.0 = Release|Any CPU
		{1547D81C-BDC1-441B-9E62-F7E0DAD094C7}.Debug|Any CPU.ActiveCfg = Debug|Any CPU
		{1547D81C-BDC1-441B-9E62-F7E0DAD094C7}.Debug|Any CPU.Build.0 = Debug|Any CPU
		{1547D81C-BDC1-441B-9E62-F7E0DAD094C7}.Release|Any CPU.ActiveCfg = Release|Any CPU
		{1547D81C-BDC1-441B-9E62-F7E0DAD094C7}.Release|Any CPU.Build.0 = Release|Any CPU
		{88701A57-B427-4F7F-A159-FF7E45F34C2E}.Debug|Any CPU.ActiveCfg = Debug|Any CPU
		{88701A57-B427-4F7F-A159-FF7E45F34C2E}.Debug|Any CPU.Build.0 = Debug|Any CPU
		{88701A57-B427-4F7F-A159-FF7E45F34C2E}.Release|Any CPU.ActiveCfg = Release|Any CPU
		{88701A57-B427-4F7F-A159-FF7E45F34C2E}.Release|Any CPU.Build.0 = Release|Any CPU
		{65D5AAA8-061E-46B0-ACBA-553C35611417}.Debug|Any CPU.ActiveCfg = Debug|Any CPU
		{65D5AAA8-061E-46B0-ACBA-553C35611417}.Debug|Any CPU.Build.0 = Debug|Any CPU
		{65D5AAA8-061E-46B0-ACBA-553C35611417}.Release|Any CPU.ActiveCfg = Release|Any CPU
		{65D5AAA8-061E-46B0-ACBA-553C35611417}.Release|Any CPU.Build.0 = Release|Any CPU
		{747CBA1C-5050-4D75-A1D5-294415272507}.Debug|Any CPU.ActiveCfg = Debug|Any CPU
		{747CBA1C-5050-4D75-A1D5-294415272507}.Debug|Any CPU.Build.0 = Debug|Any CPU
		{747CBA1C-5050-4D75-A1D5-294415272507}.Release|Any CPU.ActiveCfg = Release|Any CPU
		{747CBA1C-5050-4D75-A1D5-294415272507}.Release|Any CPU.Build.0 = Release|Any CPU
		{4AA5EBF2-0FB2-4330-A1DD-C8A3678F0B67}.Debug|Any CPU.ActiveCfg = Debug|Any CPU
		{4AA5EBF2-0FB2-4330-A1DD-C8A3678F0B67}.Debug|Any CPU.Build.0 = Debug|Any CPU
		{4AA5EBF2-0FB2-4330-A1DD-C8A3678F0B67}.Release|Any CPU.ActiveCfg = Release|Any CPU
		{4AA5EBF2-0FB2-4330-A1DD-C8A3678F0B67}.Release|Any CPU.Build.0 = Release|Any CPU
		{5ECD0AC0-769C-43A9-8CB3-B668C9F80BFB}.Debug|Any CPU.ActiveCfg = Debug|Any CPU
		{5ECD0AC0-769C-43A9-8CB3-B668C9F80BFB}.Debug|Any CPU.Build.0 = Debug|Any CPU
		{5ECD0AC0-769C-43A9-8CB3-B668C9F80BFB}.Release|Any CPU.ActiveCfg = Release|Any CPU
		{5ECD0AC0-769C-43A9-8CB3-B668C9F80BFB}.Release|Any CPU.Build.0 = Release|Any CPU
	EndGlobalSection
	GlobalSection(SolutionProperties) = preSolution
		HideSolutionNode = FALSE
	EndGlobalSection
	GlobalSection(NestedProjects) = preSolution
		{313AEE11-421E-4384-A6DB-F425BFC33408} = {345D8669-2EB9-45FE-8F3F-99A29E9EFDD8}
		{E21AF17F-BC80-4540-ADED-4416AB49EFFE} = {4B813925-4CB0-4A1F-AB3A-A67DEDBBE087}
		{1547D81C-BDC1-441B-9E62-F7E0DAD094C7} = {4B813925-4CB0-4A1F-AB3A-A67DEDBBE087}
		{88701A57-B427-4F7F-A159-FF7E45F34C2E} = {5C185211-1C32-4F85-863F-A3027AAB8EAE}
		{65D5AAA8-061E-46B0-ACBA-553C35611417} = {5C185211-1C32-4F85-863F-A3027AAB8EAE}
		{BFB39D92-6A6D-461F-AF77-35C21CF9B5D3} = {E7A2AB48-1783-4460-BAA1-27CA78A6416B}
		{5C185211-1C32-4F85-863F-A3027AAB8EAE} = {E7A2AB48-1783-4460-BAA1-27CA78A6416B}
		{4B813925-4CB0-4A1F-AB3A-A67DEDBBE087} = {E7A2AB48-1783-4460-BAA1-27CA78A6416B}
		{345D8669-2EB9-45FE-8F3F-99A29E9EFDD8} = {E7A2AB48-1783-4460-BAA1-27CA78A6416B}
		{747CBA1C-5050-4D75-A1D5-294415272507} = {BFB39D92-6A6D-461F-AF77-35C21CF9B5D3}
		{4AA5EBF2-0FB2-4330-A1DD-C8A3678F0B67} = {A0F990A2-FFBF-4666-9C9D-424A88A1A351}
		{5ECD0AC0-769C-43A9-8CB3-B668C9F80BFB} = {A0F990A2-FFBF-4666-9C9D-424A88A1A351}
	EndGlobalSection
	GlobalSection(ExtensibilityGlobals) = postSolution
		SolutionGuid = {14C6519A-E0A9-4AC5-BC0F-AA1C0516E370}
	EndGlobalSection
EndGlobal
