
Microsoft Visual Studio Solution File, Format Version 12.00
# Visual Studio Version 17
VisualStudioVersion = 17.6.33801.468
MinimumVisualStudioVersion = 10.0.40219.1
Project("{FAE04EC0-301F-11D3-BF4B-00C04F79EFBC}") = "ComplexApi", "ComplexApi\ComplexApi.csproj", "{313AEE11-421E-4384-A6DB-F425BFC33408}"
EndProject
Project("{FAE04EC0-301F-11D3-BF4B-00C04F79EFBC}") = "Migrations", "Migrations\Migrations.csproj", "{E21AF17F-BC80-4540-ADED-4416AB49EFFE}"
EndProject
Global
	GlobalSection(SolutionConfigurationPlatforms) = preSolution
		Debug|Any CPU = Debug|Any CPU
		Release|Any CPU = Release|Any CPU
	EndGlobalSection
	GlobalSection(ProjectConfigurationPlatforms) = postSolution
		{313AEE11-421E-4384-A6DB-F425BFC33408}.Debug|Any CPU.ActiveCfg = Debug|Any CPU
		{313AEE11-421E-4384-A6DB-F425BFC33408}.Debug|Any CPU.Build.0 = Debug|Any CPU
		{313AEE11-421E-4384-A6DB-F425BFC33408}.Release|Any CPU.ActiveCfg = Release|Any CPU
		{313AEE11-421E-4384-A6DB-F425BFC33408}.Release|Any CPU.Build.0 = Release|Any CPU
		{E21AF17F-BC80-4540-ADED-4416AB49EFFE}.Debug|Any CPU.ActiveCfg = Debug|Any CPU
		{E21AF17F-BC80-4540-ADED-4416AB49EFFE}.Debug|Any CPU.Build.0 = Debug|Any CPU
		{E21AF17F-BC80-4540-ADED-4416AB49EFFE}.Release|Any CPU.ActiveCfg = Release|Any CPU
		{E21AF17F-BC80-4540-ADED-4416AB49EFFE}.Release|Any CPU.Build.0 = Release|Any CPU
	EndGlobalSection
	GlobalSection(SolutionProperties) = preSolution
		HideSolutionNode = FALSE
	EndGlobalSection
	GlobalSection(ExtensibilityGlobals) = postSolution
		SolutionGuid = {14C6519A-E0A9-4AC5-BC0F-AA1C0516E370}
	EndGlobalSection
EndGlobal
